
Microsoft Visual Studio Solution File, Format Version 12.00
# Visual Studio Version 17
VisualStudioVersion = 17.6.33815.320
MinimumVisualStudioVersion = 10.0.40219.1
Project("{FAE04EC0-301F-11D3-BF4B-00C04F79EFBC}") = "PedraPapelTesoura", "PedraPapelTesoura\PedraPapelTesoura.csproj", "{B2DC32DE-794C-4203-B544-DB2ABC87A996}"
EndProject
Global
	GlobalSection(SolutionConfigurationPlatforms) = preSolution
		Debug|Any CPU = Debug|Any CPU
		Release|Any CPU = Release|Any CPU
	EndGlobalSection
	GlobalSection(ProjectConfigurationPlatforms) = postSolution
		{B2DC32DE-794C-4203-B544-DB2ABC87A996}.Debug|Any CPU.ActiveCfg = Debug|Any CPU
		{B2DC32DE-794C-4203-B544-DB2ABC87A996}.Debug|Any CPU.Build.0 = Debug|Any CPU
		{B2DC32DE-794C-4203-B544-DB2ABC87A996}.Release|Any CPU.ActiveCfg = Release|Any CPU
		{B2DC32DE-794C-4203-B544-DB2ABC87A996}.Release|Any CPU.Build.0 = Release|Any CPU
	EndGlobalSection
	GlobalSection(SolutionProperties) = preSolution
		HideSolutionNode = FALSE
	EndGlobalSection
	GlobalSection(ExtensibilityGlobals) = postSolution
		SolutionGuid = {EA43D229-9F24-4EB6-BACB-53D6B9AA4B76}
	EndGlobalSection
EndGlobal
